
Microsoft Visual Studio Solution File, Format Version 12.00
# Visual Studio Version 17
VisualStudioVersion = 17.14.36511.14 d17.14
MinimumVisualStudioVersion = 10.0.40219.1
Project("{FAE04EC0-301F-11D3-BF4B-00C04F79EFBC}") = "FotoViewer", "FotoViewer\FotoViewer.csproj", "{630B5053-9CB2-4EAA-B47F-F8E2DC4FD219}"
EndProject
Global
	GlobalSection(SolutionConfigurationPlatforms) = preSolution
		Debug|Any CPU = Debug|Any CPU
		Release|Any CPU = Release|Any CPU
	EndGlobalSection
	GlobalSection(ProjectConfigurationPlatforms) = postSolution
		{630B5053-9CB2-4EAA-B47F-F8E2DC4FD219}.Debug|Any CPU.ActiveCfg = Debug|Any CPU
		{630B5053-9CB2-4EAA-B47F-F8E2DC4FD219}.Debug|Any CPU.Build.0 = Debug|Any CPU
		{630B5053-9CB2-4EAA-B47F-F8E2DC4FD219}.Release|Any CPU.ActiveCfg = Release|Any CPU
		{630B5053-9CB2-4EAA-B47F-F8E2DC4FD219}.Release|Any CPU.Build.0 = Release|Any CPU
	EndGlobalSection
	GlobalSection(SolutionProperties) = preSolution
		HideSolutionNode = FALSE
	EndGlobalSection
	GlobalSection(ExtensibilityGlobals) = postSolution
		SolutionGuid = {5B6A76F5-C57C-4DC4-A0E2-0D41D147890D}
	EndGlobalSection
EndGlobal
